{
  "name": "okwolo",
  "version": "1.1.1",
  "lockfileVersion": 1,
  "requires": true,
  "dependencies": {
    "@okwolo/dom": {
      "version": "1.1.1",
      "resolved": "https://registry.npmjs.org/@okwolo/dom/-/dom-1.1.1.tgz",
      "integrity": "sha512-zmjaCfd5v9Vx+g7EWwYsSY3794K/6OI/HN+s/xV8lalodPKFMhGSyde/WzMQvXRlVPipDt4bhLOpRObh4zhM1w==",
      "requires": {
        "@okwolo/utils": "1.1.0"
      }
    },
    "@okwolo/history": {
      "version": "1.1.0",
      "resolved": "https://registry.npmjs.org/@okwolo/history/-/history-1.1.0.tgz",
      "integrity": "sha512-qZSZOFSat27JFX3LEZNt5PuV3fVy7BOVQh0a4IXgn+tr7TjDcsRKbyCg45cMuQz0RgdXuUNsdPFIHaLxzaN06w==",
      "requires": {
        "@okwolo/utils": "1.1.0"
      }
    },
    "@okwolo/router": {
      "version": "1.1.0",
      "resolved": "https://registry.npmjs.org/@okwolo/router/-/router-1.1.0.tgz",
      "integrity": "sha512-kgjwq8Khrco4mn2/E2YE2RtamUYyMigXStw3tn7T9mSQw+y38/nCnAKG/mqxhlmmHBasUmO/8gR9ne264Cierw==",
      "requires": {
        "@okwolo/utils": "1.1.0",
        "path-to-regexp": "1.7.0"
      }
    },
    "@okwolo/state": {
      "version": "1.1.0",
      "resolved": "https://registry.npmjs.org/@okwolo/state/-/state-1.1.0.tgz",
      "integrity": "sha512-6LzBWyQT0ZQ7cbxhBAt4eYnqPk41ww6qfxcDpCAxm3nL4P7ONctDhSnK/Lg09M+gfK5shw5ZK+uvscOJXgzovQ==",
      "requires": {
        "@okwolo/utils": "1.1.0"
      }
    },
    "@okwolo/utils": {
      "version": "1.1.0",
      "resolved": "https://registry.npmjs.org/@okwolo/utils/-/utils-1.1.0.tgz",
      "integrity": "sha512-Tk21aWmrdKU6PsEq+uEc15pEOo3yifDX725chMS9L8JRaB4ChdqUA/LNhkJOKvxD9z/+qI5I6J4ftkI4I0l/2A=="
    },
    "isarray": {
      "version": "0.0.1",
      "resolved": "https://registry.npmjs.org/isarray/-/isarray-0.0.1.tgz",
      "integrity": "sha1-ihis/Kmo9Bd+Cav8YDiTmwXR7t8="
    },
    "path-to-regexp": {
      "version": "1.7.0",
      "resolved": "https://registry.npmjs.org/path-to-regexp/-/path-to-regexp-1.7.0.tgz",
      "integrity": "sha1-Wf3g9DW62suhA6hOnTvGTpa5k30=",
      "requires": {
        "isarray": "0.0.1"
      }
    }
  }
}
