{
  "name": "okwolo",
  "version": "1.0.0",
  "lockfileVersion": 1,
  "requires": true,
  "dependencies": {
    "@okwolo/dom": {
      "version": "1.0.0",
      "resolved": "https://registry.npmjs.org/@okwolo/dom/-/dom-1.0.0.tgz",
      "integrity": "sha512-1TFHa6IvxmudOU2TzgGZbaEbAvhfHd/qP/twZwsUoZXL8qUPzitUknR7Yt5aJaczdV1vSwjq3pSyNRmw84gxbw==",
      "requires": {
        "@okwolo/utils": "1.0.0"
      }
    },
    "@okwolo/history": {
      "version": "1.0.0",
      "resolved": "https://registry.npmjs.org/@okwolo/history/-/history-1.0.0.tgz",
      "integrity": "sha512-8f6O4lrj3FOb9sX1rmGg1ij0DTjSALk256HLfqw4gAdrudjEtS5uejrtN39AKUjeffMcrVkpOJW2CMxVZy8eOw==",
      "requires": {
        "@okwolo/utils": "1.0.0"
      }
    },
    "@okwolo/router": {
      "version": "1.0.0",
      "resolved": "https://registry.npmjs.org/@okwolo/router/-/router-1.0.0.tgz",
      "integrity": "sha512-YIOq2j0XXztfx5R0tPgqGkXBh6xqEqeh6fnRfVA7byUO61Su7x6A8JUbk7e4Y6+8RUP7Qt5v38QLSqCL+zCutw==",
      "requires": {
        "@okwolo/utils": "1.0.0",
        "path-to-regexp": "1.7.0"
      }
    },
    "@okwolo/state": {
      "version": "1.0.0",
      "resolved": "https://registry.npmjs.org/@okwolo/state/-/state-1.0.0.tgz",
      "integrity": "sha512-oVVHs1hkr0KczT2lsaGkLVBZM5v1QgrS1B6ZxcJ8pjdeUUux1GEJ742rMaTpyEI/UBl8FCmlh1AnrlvwWtLQQQ==",
      "requires": {
        "@okwolo/utils": "1.0.0"
      }
    },
    "@okwolo/utils": {
      "version": "1.0.0",
      "resolved": "https://registry.npmjs.org/@okwolo/utils/-/utils-1.0.0.tgz",
      "integrity": "sha512-RI4wA4hxLtbRJGFTjaa7oIKRc4RcRg8fuR55iF7E/yuC0KznRdWfK/lGdOS0gIt81gQRfF9InwXY2k3SeAnT7A=="
    },
    "isarray": {
      "version": "0.0.1",
      "resolved": "https://registry.npmjs.org/isarray/-/isarray-0.0.1.tgz",
      "integrity": "sha1-ihis/Kmo9Bd+Cav8YDiTmwXR7t8="
    },
    "path-to-regexp": {
      "version": "1.7.0",
      "resolved": "https://registry.npmjs.org/path-to-regexp/-/path-to-regexp-1.7.0.tgz",
      "integrity": "sha1-Wf3g9DW62suhA6hOnTvGTpa5k30=",
      "requires": {
        "isarray": "0.0.1"
      }
    }
  }
}
